
Microsoft Visual Studio Solution File, Format Version 12.00
# Visual Studio 15
VisualStudioVersion = 15.0.26730.8
MinimumVisualStudioVersion = 10.0.40219.1
Project("{DA7A21FA-8162-4350-AD77-A8D1B671F3ED}") = "Lecture", "Lecture.rxproj", "{DAF6BFFC-B143-44D6-918E-B7FED0936E24}"
EndProject
Global
	GlobalSection(SolutionConfigurationPlatforms) = preSolution
		Debug|Any CPU = Debug|Any CPU
		Release|Any CPU = Release|Any CPU
	EndGlobalSection
	GlobalSection(ProjectConfigurationPlatforms) = postSolution
		{DAF6BFFC-B143-44D6-918E-B7FED0936E24}.Debug|Any CPU.ActiveCfg = Debug|Any CPU
		{DAF6BFFC-B143-44D6-918E-B7FED0936E24}.Debug|Any CPU.Build.0 = Debug|Any CPU
		{DAF6BFFC-B143-44D6-918E-B7FED0936E24}.Release|Any CPU.ActiveCfg = Release|Any CPU
		{DAF6BFFC-B143-44D6-918E-B7FED0936E24}.Release|Any CPU.Build.0 = Release|Any CPU
	EndGlobalSection
	GlobalSection(SolutionProperties) = preSolution
		HideSolutionNode = FALSE
	EndGlobalSection
	GlobalSection(ExtensibilityGlobals) = postSolution
		SolutionGuid = {8B8D9629-B6DC-4E4F-8A57-48A264C1862C}
	EndGlobalSection
EndGlobal
